// !$*UTF8*$!
{
	archiveVersion = 1;
	classes = {
	};
	objectVersion = 46;
	objects = {

/* Begin PBXBuildFile section */
		5906348F1DADD88900C19712 /* JavaScriptCore.framework in Frameworks */ = {isa = PBXBuildFile; fileRef = 5906348E1DADD88900C19712 /* JavaScriptCore.framework */; };
		590634911DADD8B100C19712 /* libz.tbd in Frameworks */ = {isa = PBXBuildFile; fileRef = 590634901DADD8B100C19712 /* libz.tbd */; };
		590634931DADF33900C19712 /* DDNavVC.swift in Sources */ = {isa = PBXBuildFile; fileRef = 590634921DADF33900C19712 /* DDNavVC.swift */; };
		590634951DADF34400C19712 /* DDVC.swift in Sources */ = {isa = PBXBuildFile; fileRef = 590634941DADF34400C19712 /* DDVC.swift */; };
		595FCFDC1DAC923D005D2092 /* AppDelegate.swift in Sources */ = {isa = PBXBuildFile; fileRef = 595FCFDB1DAC923D005D2092 /* AppDelegate.swift */; };
		595FCFE31DAC923D005D2092 /* Main.storyboard in Resources */ = {isa = PBXBuildFile; fileRef = 595FCFE11DAC923D005D2092 /* Main.storyboard */; };
		595FCFE51DAC923E005D2092 /* Assets.xcassets in Resources */ = {isa = PBXBuildFile; fileRef = 595FCFE41DAC923E005D2092 /* Assets.xcassets */; };
		595FCFE81DAC923E005D2092 /* LaunchScreen.storyboard in Resources */ = {isa = PBXBuildFile; fileRef = 595FCFE61DAC923E005D2092 /* LaunchScreen.storyboard */; };
		595FCFF31DAC923E005D2092 /* DDJSPatchDemoTests.swift in Sources */ = {isa = PBXBuildFile; fileRef = 595FCFF21DAC923E005D2092 /* DDJSPatchDemoTests.swift */; };
		595FCFFE1DAC923E005D2092 /* DDJSPatchDemoUITests.swift in Sources */ = {isa = PBXBuildFile; fileRef = 595FCFFD1DAC923E005D2092 /* DDJSPatchDemoUITests.swift */; };
		5977422D1DAF333800321B94 /* simpleDemo.js in Resources */ = {isa = PBXBuildFile; fileRef = 5977422C1DAF333800321B94 /* simpleDemo.js */; };
		5977422F1DAF364200321B94 /* propertyTest.js in Resources */ = {isa = PBXBuildFile; fileRef = 5977422E1DAF364200321B94 /* propertyTest.js */; };
		59DF245B1DB0AE8200364858 /* main.js in Resources */ = {isa = PBXBuildFile; fileRef = 59DF245A1DB0AE8200364858 /* main.js */; };
		B3D0DA8EC6AD4440DDBA0ED6 /* Pods_DDJSPatchDemo.framework in Frameworks */ = {isa = PBXBuildFile; fileRef = 862FE88B878A03E4F094F5D8 /* Pods_DDJSPatchDemo.framework */; };
/* End PBXBuildFile section */

/* Begin PBXContainerItemProxy section */
		595FCFEF1DAC923E005D2092 /* PBXContainerItemProxy */ = {
			isa = PBXContainerItemProxy;
			containerPortal = 595FCFD01DAC923D005D2092 /* Project object */;
			proxyType = 1;
			remoteGlobalIDString = 595FCFD71DAC923D005D2092;
			remoteInfo = DDJSPatchDemo;
		};
		595FCFFA1DAC923E005D2092 /* PBXContainerItemProxy */ = {
			isa = PBXContainerItemProxy;
			containerPortal = 595FCFD01DAC923D005D2092 /* Project object */;
			proxyType = 1;
			remoteGlobalIDString = 595FCFD71DAC923D005D2092;
			remoteInfo = DDJSPatchDemo;
		};
/* End PBXContainerItemProxy section */

/* Begin PBXFileReference section */
		5906348E1DADD88900C19712 /* JavaScriptCore.framework */ = {isa = PBXFileReference; lastKnownFileType = wrapper.framework; name = JavaScriptCore.framework; path = System/Library/Frameworks/JavaScriptCore.framework; sourceTree = SDKROOT; };
		590634901DADD8B100C19712 /* libz.tbd */ = {isa = PBXFileReference; lastKnownFileType = "sourcecode.text-based-dylib-definition"; name = libz.tbd; path = usr/lib/libz.tbd; sourceTree = SDKROOT; };
		590634921DADF33900C19712 /* DDNavVC.swift */ = {isa = PBXFileReference; fileEncoding = 4; lastKnownFileType = sourcecode.swift; path = DDNavVC.swift; sourceTree = "<group>"; };
		590634941DADF34400C19712 /* DDVC.swift */ = {isa = PBXFileReference; fileEncoding = 4; lastKnownFileType = sourcecode.swift; path = DDVC.swift; sourceTree = "<group>"; };
		595FCFD81DAC923D005D2092 /* DDJSPatchDemo.app */ = {isa = PBXFileReference; explicitFileType = wrapper.application; includeInIndex = 0; path = DDJSPatchDemo.app; sourceTree = BUILT_PRODUCTS_DIR; };
		595FCFDB1DAC923D005D2092 /* AppDelegate.swift */ = {isa = PBXFileReference; lastKnownFileType = sourcecode.swift; path = AppDelegate.swift; sourceTree = "<group>"; };
		595FCFE21DAC923D005D2092 /* Base */ = {isa = PBXFileReference; lastKnownFileType = file.storyboard; name = Base; path = Base.lproj/Main.storyboard; sourceTree = "<group>"; };
		595FCFE41DAC923E005D2092 /* Assets.xcassets */ = {isa = PBXFileReference; lastKnownFileType = folder.assetcatalog; path = Assets.xcassets; sourceTree = "<group>"; };
		595FCFE71DAC923E005D2092 /* Base */ = {isa = PBXFileReference; lastKnownFileType = file.storyboard; name = Base; path = Base.lproj/LaunchScreen.storyboard; sourceTree = "<group>"; };
		595FCFE91DAC923E005D2092 /* Info.plist */ = {isa = PBXFileReference; lastKnownFileType = text.plist.xml; path = Info.plist; sourceTree = "<group>"; };
		595FCFEE1DAC923E005D2092 /* DDJSPatchDemoTests.xctest */ = {isa = PBXFileReference; explicitFileType = wrapper.cfbundle; includeInIndex = 0; path = DDJSPatchDemoTests.xctest; sourceTree = BUILT_PRODUCTS_DIR; };
		595FCFF21DAC923E005D2092 /* DDJSPatchDemoTests.swift */ = {isa = PBXFileReference; lastKnownFileType = sourcecode.swift; path = DDJSPatchDemoTests.swift; sourceTree = "<group>"; };
		595FCFF41DAC923E005D2092 /* Info.plist */ = {isa = PBXFileReference; lastKnownFileType = text.plist.xml; path = Info.plist; sourceTree = "<group>"; };
		595FCFF91DAC923E005D2092 /* DDJSPatchDemoUITests.xctest */ = {isa = PBXFileReference; explicitFileType = wrapper.cfbundle; includeInIndex = 0; path = DDJSPatchDemoUITests.xctest; sourceTree = BUILT_PRODUCTS_DIR; };
		595FCFFD1DAC923E005D2092 /* DDJSPatchDemoUITests.swift */ = {isa = PBXFileReference; lastKnownFileType = sourcecode.swift; path = DDJSPatchDemoUITests.swift; sourceTree = "<group>"; };
		595FCFFF1DAC923E005D2092 /* Info.plist */ = {isa = PBXFileReference; lastKnownFileType = text.plist.xml; path = Info.plist; sourceTree = "<group>"; };
		5977422C1DAF333800321B94 /* simpleDemo.js */ = {isa = PBXFileReference; fileEncoding = 4; lastKnownFileType = sourcecode.javascript; path = simpleDemo.js; sourceTree = "<group>"; };
		5977422E1DAF364200321B94 /* propertyTest.js */ = {isa = PBXFileReference; fileEncoding = 4; lastKnownFileType = sourcecode.javascript; path = propertyTest.js; sourceTree = "<group>"; };
		59DF24591DB0A14600364858 /* DDJSPatchDemo.entitlements */ = {isa = PBXFileReference; lastKnownFileType = text.xml; path = DDJSPatchDemo.entitlements; sourceTree = "<group>"; };
		59DF245A1DB0AE8200364858 /* main.js */ = {isa = PBXFileReference; fileEncoding = 4; lastKnownFileType = sourcecode.javascript; path = main.js; sourceTree = "<group>"; };
		7A505D7C6CC944A92FCC7659 /* Pods-DDJSPatchDemo.debug.xcconfig */ = {isa = PBXFileReference; includeInIndex = 1; lastKnownFileType = text.xcconfig; name = "Pods-DDJSPatchDemo.debug.xcconfig"; path = "Pods/Target Support Files/Pods-DDJSPatchDemo/Pods-DDJSPatchDemo.debug.xcconfig"; sourceTree = "<group>"; };
		862FE88B878A03E4F094F5D8 /* Pods_DDJSPatchDemo.framework */ = {isa = PBXFileReference; explicitFileType = wrapper.framework; includeInIndex = 0; path = Pods_DDJSPatchDemo.framework; sourceTree = BUILT_PRODUCTS_DIR; };
		AA87AAB4AE0D77D5F3A7D2BF /* Pods-DDJSPatchDemo.release.xcconfig */ = {isa = PBXFileReference; includeInIndex = 1; lastKnownFileType = text.xcconfig; name = "Pods-DDJSPatchDemo.release.xcconfig"; path = "Pods/Target Support Files/Pods-DDJSPatchDemo/Pods-DDJSPatchDemo.release.xcconfig"; sourceTree = "<group>"; };
/* End PBXFileReference section */

/* Begin PBXFrameworksBuildPhase section */
		595FCFD51DAC923D005D2092 /* Frameworks */ = {
			isa = PBXFrameworksBuildPhase;
			buildActionMask = 2147483647;
			files = (
				590634911DADD8B100C19712 /* libz.tbd in Frameworks */,
				5906348F1DADD88900C19712 /* JavaScriptCore.framework in Frameworks */,
				B3D0DA8EC6AD4440DDBA0ED6 /* Pods_DDJSPatchDemo.framework in Frameworks */,
			);
			runOnlyForDeploymentPostprocessing = 0;
		};
		595FCFEB1DAC923E005D2092 /* Frameworks */ = {
			isa = PBXFrameworksBuildPhase;
			buildActionMask = 2147483647;
			files = (
			);
			runOnlyForDeploymentPostprocessing = 0;
		};
		595FCFF61DAC923E005D2092 /* Frameworks */ = {
			isa = PBXFrameworksBuildPhase;
			buildActionMask = 2147483647;
			files = (
			);
			runOnlyForDeploymentPostprocessing = 0;
		};
/* End PBXFrameworksBuildPhase section */

/* Begin PBXGroup section */
		595FCFCF1DAC923D005D2092 = {
			isa = PBXGroup;
			children = (
				590634921DADF33900C19712 /* DDNavVC.swift */,
				590634941DADF34400C19712 /* DDVC.swift */,
				595FCFDA1DAC923D005D2092 /* DDJSPatchDemo */,
				595FCFF11DAC923E005D2092 /* DDJSPatchDemoTests */,
				595FCFFC1DAC923E005D2092 /* DDJSPatchDemoUITests */,
				595FCFD91DAC923D005D2092 /* Products */,
				BF5A6C9F3B40EA6350791442 /* Pods */,
				5AD103DD2F6FE230C02DED6E /* Frameworks */,
			);
			sourceTree = "<group>";
		};
		595FCFD91DAC923D005D2092 /* Products */ = {
			isa = PBXGroup;
			children = (
				595FCFD81DAC923D005D2092 /* DDJSPatchDemo.app */,
				595FCFEE1DAC923E005D2092 /* DDJSPatchDemoTests.xctest */,
				595FCFF91DAC923E005D2092 /* DDJSPatchDemoUITests.xctest */,
			);
			name = Products;
			sourceTree = "<group>";
		};
		595FCFDA1DAC923D005D2092 /* DDJSPatchDemo */ = {
			isa = PBXGroup;
			children = (
				59DF24591DB0A14600364858 /* DDJSPatchDemo.entitlements */,
				595FCFDB1DAC923D005D2092 /* AppDelegate.swift */,
				595FCFE11DAC923D005D2092 /* Main.storyboard */,
				595FCFE41DAC923E005D2092 /* Assets.xcassets */,
				595FCFE61DAC923E005D2092 /* LaunchScreen.storyboard */,
				595FCFE91DAC923E005D2092 /* Info.plist */,
				5977422C1DAF333800321B94 /* simpleDemo.js */,
				59DF245A1DB0AE8200364858 /* main.js */,
				5977422E1DAF364200321B94 /* propertyTest.js */,
			);
			path = DDJSPatchDemo;
			sourceTree = "<group>";
		};
		595FCFF11DAC923E005D2092 /* DDJSPatchDemoTests */ = {
			isa = PBXGroup;
			children = (
				595FCFF21DAC923E005D2092 /* DDJSPatchDemoTests.swift */,
				595FCFF41DAC923E005D2092 /* Info.plist */,
			);
			path = DDJSPatchDemoTests;
			sourceTree = "<group>";
		};
		595FCFFC1DAC923E005D2092 /* DDJSPatchDemoUITests */ = {
			isa = PBXGroup;
			children = (
				595FCFFD1DAC923E005D2092 /* DDJSPatchDemoUITests.swift */,
				595FCFFF1DAC923E005D2092 /* Info.plist */,
			);
			path = DDJSPatchDemoUITests;
			sourceTree = "<group>";
		};
		5AD103DD2F6FE230C02DED6E /* Frameworks */ = {
			isa = PBXGroup;
			children = (
				590634901DADD8B100C19712 /* libz.tbd */,
				5906348E1DADD88900C19712 /* JavaScriptCore.framework */,
				862FE88B878A03E4F094F5D8 /* Pods_DDJSPatchDemo.framework */,
			);
			name = Frameworks;
			sourceTree = "<group>";
		};
		BF5A6C9F3B40EA6350791442 /* Pods */ = {
			isa = PBXGroup;
			children = (
				7A505D7C6CC944A92FCC7659 /* Pods-DDJSPatchDemo.debug.xcconfig */,
				AA87AAB4AE0D77D5F3A7D2BF /* Pods-DDJSPatchDemo.release.xcconfig */,
			);
			name = Pods;
			sourceTree = "<group>";
		};
/* End PBXGroup section */

/* Begin PBXNativeTarget section */
		595FCFD71DAC923D005D2092 /* DDJSPatchDemo */ = {
			isa = PBXNativeTarget;
			buildConfigurationList = 595FD0021DAC923E005D2092 /* Build configuration list for PBXNativeTarget "DDJSPatchDemo" */;
			buildPhases = (
				1343E62B709808530951C525 /* [CP] Check Pods Manifest.lock */,
				595FCFD41DAC923D005D2092 /* Sources */,
				595FCFD51DAC923D005D2092 /* Frameworks */,
				595FCFD61DAC923D005D2092 /* Resources */,
				30F53A5AC1D9595FD0F63680 /* [CP] Embed Pods Frameworks */,
				B4D7A1C377DED7528BF97983 /* [CP] Copy Pods Resources */,
			);
			buildRules = (
			);
			dependencies = (
			);
			name = DDJSPatchDemo;
			productName = DDJSPatchDemo;
			productReference = 595FCFD81DAC923D005D2092 /* DDJSPatchDemo.app */;
			productType = "com.apple.product-type.application";
		};
		595FCFED1DAC923E005D2092 /* DDJSPatchDemoTests */ = {
			isa = PBXNativeTarget;
			buildConfigurationList = 595FD0051DAC923E005D2092 /* Build configuration list for PBXNativeTarget "DDJSPatchDemoTests" */;
			buildPhases = (
				595FCFEA1DAC923E005D2092 /* Sources */,
				595FCFEB1DAC923E005D2092 /* Frameworks */,
				595FCFEC1DAC923E005D2092 /* Resources */,
			);
			buildRules = (
			);
			dependencies = (
				595FCFF01DAC923E005D2092 /* PBXTargetDependency */,
			);
			name = DDJSPatchDemoTests;
			productName = DDJSPatchDemoTests;
			productReference = 595FCFEE1DAC923E005D2092 /* DDJSPatchDemoTests.xctest */;
			productType = "com.apple.product-type.bundle.unit-test";
		};
		595FCFF81DAC923E005D2092 /* DDJSPatchDemoUITests */ = {
			isa = PBXNativeTarget;
			buildConfigurationList = 595FD0081DAC923E005D2092 /* Build configuration list for PBXNativeTarget "DDJSPatchDemoUITests" */;
			buildPhases = (
				595FCFF51DAC923E005D2092 /* Sources */,
				595FCFF61DAC923E005D2092 /* Frameworks */,
				595FCFF71DAC923E005D2092 /* Resources */,
			);
			buildRules = (
			);
			dependencies = (
				595FCFFB1DAC923E005D2092 /* PBXTargetDependency */,
			);
			name = DDJSPatchDemoUITests;
			productName = DDJSPatchDemoUITests;
			productReference = 595FCFF91DAC923E005D2092 /* DDJSPatchDemoUITests.xctest */;
			productType = "com.apple.product-type.bundle.ui-testing";
		};
/* End PBXNativeTarget section */

/* Begin PBXProject section */
		595FCFD01DAC923D005D2092 /* Project object */ = {
			isa = PBXProject;
			attributes = {
				LastSwiftUpdateCheck = 0730;
				LastUpgradeCheck = 0730;
				ORGANIZATIONNAME = ByteDance;
				TargetAttributes = {
					595FCFD71DAC923D005D2092 = {
						CreatedOnToolsVersion = 7.3.1;
						SystemCapabilities = {
							com.apple.Keychain = {
								enabled = 1;
							};
						};
					};
					595FCFED1DAC923E005D2092 = {
						CreatedOnToolsVersion = 7.3.1;
						DevelopmentTeam = W5J3B5YX4N;
						TestTargetID = 595FCFD71DAC923D005D2092;
					};
					595FCFF81DAC923E005D2092 = {
						CreatedOnToolsVersion = 7.3.1;
						DevelopmentTeam = W5J3B5YX4N;
						TestTargetID = 595FCFD71DAC923D005D2092;
					};
				};
			};
			buildConfigurationList = 595FCFD31DAC923D005D2092 /* Build configuration list for PBXProject "DDJSPatchDemo" */;
			compatibilityVersion = "Xcode 3.2";
			developmentRegion = English;
			hasScannedForEncodings = 0;
			knownRegions = (
				en,
				Base,
			);
			mainGroup = 595FCFCF1DAC923D005D2092;
			productRefGroup = 595FCFD91DAC923D005D2092 /* Products */;
			projectDirPath = "";
			projectRoot = "";
			targets = (
				595FCFD71DAC923D005D2092 /* DDJSPatchDemo */,
				595FCFED1DAC923E005D2092 /* DDJSPatchDemoTests */,
				595FCFF81DAC923E005D2092 /* DDJSPatchDemoUITests */,
			);
		};
/* End PBXProject section */

/* Begin PBXResourcesBuildPhase section */
		595FCFD61DAC923D005D2092 /* Resources */ = {
			isa = PBXResourcesBuildPhase;
			buildActionMask = 2147483647;
			files = (
				5977422D1DAF333800321B94 /* simpleDemo.js in Resources */,
				5977422F1DAF364200321B94 /* propertyTest.js in Resources */,
				595FCFE81DAC923E005D2092 /* LaunchScreen.storyboard in Resources */,
				59DF245B1DB0AE8200364858 /* main.js in Resources */,
				595FCFE51DAC923E005D2092 /* Assets.xcassets in Resources */,
				595FCFE31DAC923D005D2092 /* Main.storyboard in Resources */,
			);
			runOnlyForDeploymentPostprocessing = 0;
		};
		595FCFEC1DAC923E005D2092 /* Resources */ = {
			isa = PBXResourcesBuildPhase;
			buildActionMask = 2147483647;
			files = (
			);
			runOnlyForDeploymentPostprocessing = 0;
		};
		595FCFF71DAC923E005D2092 /* Resources */ = {
			isa = PBXResourcesBuildPhase;
			buildActionMask = 2147483647;
			files = (
			);
			runOnlyForDeploymentPostprocessing = 0;
		};
/* End PBXResourcesBuildPhase section */

/* Begin PBXShellScriptBuildPhase section */
		1343E62B709808530951C525 /* [CP] Check Pods Manifest.lock */ = {
			isa = PBXShellScriptBuildPhase;
			buildActionMask = 2147483647;
			files = (
			);
			inputPaths = (
			);
			name = "[CP] Check Pods Manifest.lock";
			outputPaths = (
			);
			runOnlyForDeploymentPostprocessing = 0;
			shellPath = /bin/sh;
			shellScript = "diff \"${PODS_ROOT}/../Podfile.lock\" \"${PODS_ROOT}/Manifest.lock\" > /dev/null\nif [[ $? != 0 ]] ; then\n    cat << EOM\nerror: The sandbox is not in sync with the Podfile.lock. Run 'pod install' or update your CocoaPods installation.\nEOM\n    exit 1\nfi\n";
			showEnvVarsInLog = 0;
		};
		30F53A5AC1D9595FD0F63680 /* [CP] Embed Pods Frameworks */ = {
			isa = PBXShellScriptBuildPhase;
			buildActionMask = 2147483647;
			files = (
			);
			inputPaths = (
			);
			name = "[CP] Embed Pods Frameworks";
			outputPaths = (
			);
			runOnlyForDeploymentPostprocessing = 0;
			shellPath = /bin/sh;
			shellScript = "\"${SRCROOT}/Pods/Target Support Files/Pods-DDJSPatchDemo/Pods-DDJSPatchDemo-frameworks.sh\"\n";
			showEnvVarsInLog = 0;
		};
		B4D7A1C377DED7528BF97983 /* [CP] Copy Pods Resources */ = {
			isa = PBXShellScriptBuildPhase;
			buildActionMask = 2147483647;
			files = (
			);
			inputPaths = (
			);
			name = "[CP] Copy Pods Resources";
			outputPaths = (
			);
			runOnlyForDeploymentPostprocessing = 0;
			shellPath = /bin/sh;
			shellScript = "\"${SRCROOT}/Pods/Target Support Files/Pods-DDJSPatchDemo/Pods-DDJSPatchDemo-resources.sh\"\n";
			showEnvVarsInLog = 0;
		};
/* End PBXShellScriptBuildPhase section */

/* Begin PBXSourcesBuildPhase section */
		595FCFD41DAC923D005D2092 /* Sources */ = {
			isa = PBXSourcesBuildPhase;
			buildActionMask = 2147483647;
			files = (
				590634931DADF33900C19712 /* DDNavVC.swift in Sources */,
				590634951DADF34400C19712 /* DDVC.swift in Sources */,
				595FCFDC1DAC923D005D2092 /* AppDelegate.swift in Sources */,
			);
			runOnlyForDeploymentPostprocessing = 0;
		};
		595FCFEA1DAC923E005D2092 /* Sources */ = {
			isa = PBXSourcesBuildPhase;
			buildActionMask = 2147483647;
			files = (
				595FCFF31DAC923E005D2092 /* DDJSPatchDemoTests.swift in Sources */,
			);
			runOnlyForDeploymentPostprocessing = 0;
		};
		595FCFF51DAC923E005D2092 /* Sources */ = {
			isa = PBXSourcesBuildPhase;
			buildActionMask = 2147483647;
			files = (
				595FCFFE1DAC923E005D2092 /* DDJSPatchDemoUITests.swift in Sources */,
			);
			runOnlyForDeploymentPostprocessing = 0;
		};
/* End PBXSourcesBuildPhase section */

/* Begin PBXTargetDependency section */
		595FCFF01DAC923E005D2092 /* PBXTargetDependency */ = {
			isa = PBXTargetDependency;
			target = 595FCFD71DAC923D005D2092 /* DDJSPatchDemo */;
			targetProxy = 595FCFEF1DAC923E005D2092 /* PBXContainerItemProxy */;
		};
		595FCFFB1DAC923E005D2092 /* PBXTargetDependency */ = {
			isa = PBXTargetDependency;
			target = 595FCFD71DAC923D005D2092 /* DDJSPatchDemo */;
			targetProxy = 595FCFFA1DAC923E005D2092 /* PBXContainerItemProxy */;
		};
/* End PBXTargetDependency section */

/* Begin PBXVariantGroup section */
		595FCFE11DAC923D005D2092 /* Main.storyboard */ = {
			isa = PBXVariantGroup;
			children = (
				595FCFE21DAC923D005D2092 /* Base */,
			);
			name = Main.storyboard;
			sourceTree = "<group>";
		};
		595FCFE61DAC923E005D2092 /* LaunchScreen.storyboard */ = {
			isa = PBXVariantGroup;
			children = (
				595FCFE71DAC923E005D2092 /* Base */,
			);
			name = LaunchScreen.storyboard;
			sourceTree = "<group>";
		};
/* End PBXVariantGroup section */

/* Begin XCBuildConfiguration section */
		595FD0001DAC923E005D2092 /* Debug */ = {
			isa = XCBuildConfiguration;
			buildSettings = {
				ALWAYS_SEARCH_USER_PATHS = NO;
				CLANG_ANALYZER_NONNULL = YES;
				CLANG_CXX_LANGUAGE_STANDARD = "gnu++0x";
				CLANG_CXX_LIBRARY = "libc++";
				CLANG_ENABLE_MODULES = YES;
				CLANG_ENABLE_OBJC_ARC = YES;
				CLANG_WARN_BOOL_CONVERSION = YES;
				CLANG_WARN_CONSTANT_CONVERSION = YES;
				CLANG_WARN_DIRECT_OBJC_ISA_USAGE = YES_ERROR;
				CLANG_WARN_EMPTY_BODY = YES;
				CLANG_WARN_ENUM_CONVERSION = YES;
				CLANG_WARN_INT_CONVERSION = YES;
				CLANG_WARN_OBJC_ROOT_CLASS = YES_ERROR;
				CLANG_WARN_UNREACHABLE_CODE = YES;
				CLANG_WARN__DUPLICATE_METHOD_MATCH = YES;
				"CODE_SIGN_IDENTITY[sdk=iphoneos*]" = "iPhone Developer";
				COPY_PHASE_STRIP = NO;
				DEBUG_INFORMATION_FORMAT = dwarf;
				ENABLE_STRICT_OBJC_MSGSEND = YES;
				ENABLE_TESTABILITY = YES;
				GCC_C_LANGUAGE_STANDARD = gnu99;
				GCC_DYNAMIC_NO_PIC = NO;
				GCC_NO_COMMON_BLOCKS = YES;
				GCC_OPTIMIZATION_LEVEL = 0;
				GCC_PREPROCESSOR_DEFINITIONS = (
					"DEBUG=1",
					"$(inherited)",
				);
				GCC_WARN_64_TO_32_BIT_CONVERSION = YES;
				GCC_WARN_ABOUT_RETURN_TYPE = YES_ERROR;
				GCC_WARN_UNDECLARED_SELECTOR = YES;
				GCC_WARN_UNINITIALIZED_AUTOS = YES_AGGRESSIVE;
				GCC_WARN_UNUSED_FUNCTION = YES;
				GCC_WARN_UNUSED_VARIABLE = YES;
				IPHONEOS_DEPLOYMENT_TARGET = 9.3;
				MTL_ENABLE_DEBUG_INFO = YES;
				ONLY_ACTIVE_ARCH = YES;
				SDKROOT = iphoneos;
				SWIFT_OPTIMIZATION_LEVEL = "-Onone";
				TARGETED_DEVICE_FAMILY = "1,2";
			};
			name = Debug;
		};
		595FD0011DAC923E005D2092 /* Release */ = {
			isa = XCBuildConfiguration;
			buildSettings = {
				ALWAYS_SEARCH_USER_PATHS = NO;
				CLANG_ANALYZER_NONNULL = YES;
				CLANG_CXX_LANGUAGE_STANDARD = "gnu++0x";
				CLANG_CXX_LIBRARY = "libc++";
				CLANG_ENABLE_MODULES = YES;
				CLANG_ENABLE_OBJC_ARC = YES;
				CLANG_WARN_BOOL_CONVERSION = YES;
				CLANG_WARN_CONSTANT_CONVERSION = YES;
				CLANG_WARN_DIRECT_OBJC_ISA_USAGE = YES_ERROR;
				CLANG_WARN_EMPTY_BODY = YES;
				CLANG_WARN_ENUM_CONVERSION = YES;
				CLANG_WARN_INT_CONVERSION = YES;
				CLANG_WARN_OBJC_ROOT_CLASS = YES_ERROR;
				CLANG_WARN_UNREACHABLE_CODE = YES;
				CLANG_WARN__DUPLICATE_METHOD_MATCH = YES;
				"CODE_SIGN_IDENTITY[sdk=iphoneos*]" = "iPhone Developer";
				COPY_PHASE_STRIP = NO;
				DEBUG_INFORMATION_FORMAT = "dwarf-with-dsym";
				ENABLE_NS_ASSERTIONS = NO;
				ENABLE_STRICT_OBJC_MSGSEND = YES;
				GCC_C_LANGUAGE_STANDARD = gnu99;
				GCC_NO_COMMON_BLOCKS = YES;
				GCC_WARN_64_TO_32_BIT_CONVERSION = YES;
				GCC_WARN_ABOUT_RETURN_TYPE = YES_ERROR;
				GCC_WARN_UNDECLARED_SELECTOR = YES;
				GCC_WARN_UNINITIALIZED_AUTOS = YES_AGGRESSIVE;
				GCC_WARN_UNUSED_FUNCTION = YES;
				GCC_WARN_UNUSED_VARIABLE = YES;
				IPHONEOS_DEPLOYMENT_TARGET = 9.3;
				MTL_ENABLE_DEBUG_INFO = NO;
				SDKROOT = iphoneos;
				TARGETED_DEVICE_FAMILY = "1,2";
				VALIDATE_PRODUCT = YES;
			};
			name = Release;
		};
		595FD0031DAC923E005D2092 /* Debug */ = {
			isa = XCBuildConfiguration;
			baseConfigurationReference = 7A505D7C6CC944A92FCC7659 /* Pods-DDJSPatchDemo.debug.xcconfig */;
			buildSettings = {
				ASSETCATALOG_COMPILER_APPICON_NAME = AppIcon;
				CODE_SIGN_ENTITLEMENTS = DDJSPatchDemo/DDJSPatchDemo.entitlements;
				CODE_SIGN_IDENTITY = "iPhone Developer";
				INFOPLIST_FILE = DDJSPatchDemo/Info.plist;
				IPHONEOS_DEPLOYMENT_TARGET = 8.0;
				LD_RUNPATH_SEARCH_PATHS = "$(inherited) @executable_path/Frameworks";
				PRODUCT_BUNDLE_IDENTIFIER = com.byteDance.SwiftTest.DDJSPatchDemo;
				PRODUCT_NAME = "$(TARGET_NAME)";
			};
			name = Debug;
		};
		595FD0041DAC923E005D2092 /* Release */ = {
			isa = XCBuildConfiguration;
			baseConfigurationReference = AA87AAB4AE0D77D5F3A7D2BF /* Pods-DDJSPatchDemo.release.xcconfig */;
			buildSettings = {
				ASSETCATALOG_COMPILER_APPICON_NAME = AppIcon;
				CODE_SIGN_ENTITLEMENTS = DDJSPatchDemo/DDJSPatchDemo.entitlements;
				CODE_SIGN_IDENTITY = "iPhone Developer";
				INFOPLIST_FILE = DDJSPatchDemo/Info.plist;
				IPHONEOS_DEPLOYMENT_TARGET = 8.0;
				LD_RUNPATH_SEARCH_PATHS = "$(inherited) @executable_path/Frameworks";
				PRODUCT_BUNDLE_IDENTIFIER = com.byteDance.SwiftTest.DDJSPatchDemo;
				PRODUCT_NAME = "$(TARGET_NAME)";
			};
			name = Release;
		};
		595FD0061DAC923E005D2092 /* Debug */ = {
			isa = XCBuildConfiguration;
			buildSettings = {
				BUNDLE_LOADER = "$(TEST_HOST)";
				INFOPLIST_FILE = DDJSPatchDemoTests/Info.plist;
				LD_RUNPATH_SEARCH_PATHS = "$(inherited) @executable_path/Frameworks @loader_path/Frameworks";
				PRODUCT_BUNDLE_IDENTIFIER = com.byteDance.SwiftTest.DDJSPatchDemoTests;
				PRODUCT_NAME = "$(TARGET_NAME)";
				TEST_HOST = "$(BUILT_PRODUCTS_DIR)/DDJSPatchDemo.app/DDJSPatchDemo";
			};
			name = Debug;
		};
		595FD0071DAC923E005D2092 /* Release */ = {
			isa = XCBuildConfiguration;
			buildSettings = {
				BUNDLE_LOADER = "$(TEST_HOST)";
				INFOPLIST_FILE = DDJSPatchDemoTests/Info.plist;
				LD_RUNPATH_SEARCH_PATHS = "$(inherited) @executable_path/Frameworks @loader_path/Frameworks";
				PRODUCT_BUNDLE_IDENTIFIER = com.byteDance.SwiftTest.DDJSPatchDemoTests;
				PRODUCT_NAME = "$(TARGET_NAME)";
				TEST_HOST = "$(BUILT_PRODUCTS_DIR)/DDJSPatchDemo.app/DDJSPatchDemo";
			};
			name = Release;
		};
		595FD0091DAC923E005D2092 /* Debug */ = {
			isa = XCBuildConfiguration;
			buildSettings = {
				INFOPLIST_FILE = DDJSPatchDemoUITests/Info.plist;
				LD_RUNPATH_SEARCH_PATHS = "$(inherited) @executable_path/Frameworks @loader_path/Frameworks";
				PRODUCT_BUNDLE_IDENTIFIER = com.byteDance.SwiftTest.DDJSPatchDemoUITests;
				PRODUCT_NAME = "$(TARGET_NAME)";
				TEST_TARGET_NAME = DDJSPatchDemo;
			};
			name = Debug;
		};
		595FD00A1DAC923E005D2092 /* Release */ = {
			isa = XCBuildConfiguration;
			buildSettings = {
				INFOPLIST_FILE = DDJSPatchDemoUITests/Info.plist;
				LD_RUNPATH_SEARCH_PATHS = "$(inherited) @executable_path/Frameworks @loader_path/Frameworks";
				PRODUCT_BUNDLE_IDENTIFIER = com.byteDance.SwiftTest.DDJSPatchDemoUITests;
				PRODUCT_NAME = "$(TARGET_NAME)";
				TEST_TARGET_NAME = DDJSPatchDemo;
			};
			name = Release;
		};
/* End XCBuildConfiguration section */

/* Begin XCConfigurationList section */
		595FCFD31DAC923D005D2092 /* Build configuration list for PBXProject "DDJSPatchDemo" */ = {
			isa = XCConfigurationList;
			buildConfigurations = (
				595FD0001DAC923E005D2092 /* Debug */,
				595FD0011DAC923E005D2092 /* Release */,
			);
			defaultConfigurationIsVisible = 0;
			defaultConfigurationName = Release;
		};
		595FD0021DAC923E005D2092 /* Build configuration list for PBXNativeTarget "DDJSPatchDemo" */ = {
			isa = XCConfigurationList;
			buildConfigurations = (
				595FD0031DAC923E005D2092 /* Debug */,
				595FD0041DAC923E005D2092 /* Release */,
			);
			defaultConfigurationIsVisible = 0;
			defaultConfigurationName = Release;
		};
		595FD0051DAC923E005D2092 /* Build configuration list for PBXNativeTarget "DDJSPatchDemoTests" */ = {
			isa = XCConfigurationList;
			buildConfigurations = (
				595FD0061DAC923E005D2092 /* Debug */,
				595FD0071DAC923E005D2092 /* Release */,
			);
			defaultConfigurationIsVisible = 0;
			defaultConfigurationName = Release;
		};
		595FD0081DAC923E005D2092 /* Build configuration list for PBXNativeTarget "DDJSPatchDemoUITests" */ = {
			isa = XCConfigurationList;
			buildConfigurations = (
				595FD0091DAC923E005D2092 /* Debug */,
				595FD00A1DAC923E005D2092 /* Release */,
			);
			defaultConfigurationIsVisible = 0;
			defaultConfigurationName = Release;
		};
/* End XCConfigurationList section */
	};
	rootObject = 595FCFD01DAC923D005D2092 /* Project object */;
}
